// !$*UTF8*$!
{
	archiveVersion = 1;
	classes = {
	};
	objectVersion = 56;
	objects = {

/* Begin PBXBuildFile section */
		77A55FC22A82D3DE002C689F /* AppDelegate.swift in Sources */ = {isa = PBXBuildFile; fileRef = 77A55FC12A82D3DE002C689F /* AppDelegate.swift */; };
		77A55FC42A82D3DE002C689F /* SceneDelegate.swift in Sources */ = {isa = PBXBuildFile; fileRef = 77A55FC32A82D3DE002C689F /* SceneDelegate.swift */; };
		77A55FC62A82D3DE002C689F /* ViewController.swift in Sources */ = {isa = PBXBuildFile; fileRef = 77A55FC52A82D3DE002C689F /* ViewController.swift */; };
		77A55FC92A82D3DE002C689F /* Main.storyboard in Resources */ = {isa = PBXBuildFile; fileRef = 77A55FC72A82D3DE002C689F /* Main.storyboard */; };
		77A55FCB2A82D3E1002C689F /* Assets.xcassets in Resources */ = {isa = PBXBuildFile; fileRef = 77A55FCA2A82D3E1002C689F /* Assets.xcassets */; };
		77A55FCE2A82D3E1002C689F /* LaunchScreen.storyboard in Resources */ = {isa = PBXBuildFile; fileRef = 77A55FCC2A82D3E1002C689F /* LaunchScreen.storyboard */; };
		77A55FD72A82D419002C689F /* Singleton.swift in Sources */ = {isa = PBXBuildFile; fileRef = 77A55FD62A82D419002C689F /* Singleton.swift */; };
		77F52DC72A8AEEDF009A4E47 /* Modules.swift in Sources */ = {isa = PBXBuildFile; fileRef = 77F52DC62A8AEEDF009A4E47 /* Modules.swift */; };
		77F52DCA2A8AEF38009A4E47 /* FeedViewController.swift in Sources */ = {isa = PBXBuildFile; fileRef = 77F52DC92A8AEF38009A4E47 /* FeedViewController.swift */; };
		77F52DCC2A8B0059009A4E47 /* FeedLoader.swift in Sources */ = {isa = PBXBuildFile; fileRef = 77F52DCB2A8B0059009A4E47 /* FeedLoader.swift */; };
		77F52DCE2A8B009E009A4E47 /* FeedItem.swift in Sources */ = {isa = PBXBuildFile; fileRef = 77F52DCD2A8B009E009A4E47 /* FeedItem.swift */; };
/* End PBXBuildFile section */

/* Begin PBXFileReference section */
		77A55FBE2A82D3DE002C689F /* essentials-redux.app */ = {isa = PBXFileReference; explicitFileType = wrapper.application; includeInIndex = 0; path = "essentials-redux.app"; sourceTree = BUILT_PRODUCTS_DIR; };
		77A55FC12A82D3DE002C689F /* AppDelegate.swift */ = {isa = PBXFileReference; lastKnownFileType = sourcecode.swift; path = AppDelegate.swift; sourceTree = "<group>"; };
		77A55FC32A82D3DE002C689F /* SceneDelegate.swift */ = {isa = PBXFileReference; lastKnownFileType = sourcecode.swift; path = SceneDelegate.swift; sourceTree = "<group>"; };
		77A55FC52A82D3DE002C689F /* ViewController.swift */ = {isa = PBXFileReference; lastKnownFileType = sourcecode.swift; path = ViewController.swift; sourceTree = "<group>"; };
		77A55FC82A82D3DE002C689F /* Base */ = {isa = PBXFileReference; lastKnownFileType = file.storyboard; name = Base; path = Base.lproj/Main.storyboard; sourceTree = "<group>"; };
		77A55FCA2A82D3E1002C689F /* Assets.xcassets */ = {isa = PBXFileReference; lastKnownFileType = folder.assetcatalog; path = Assets.xcassets; sourceTree = "<group>"; };
		77A55FCD2A82D3E1002C689F /* Base */ = {isa = PBXFileReference; lastKnownFileType = file.storyboard; name = Base; path = Base.lproj/LaunchScreen.storyboard; sourceTree = "<group>"; };
		77A55FCF2A82D3E1002C689F /* Info.plist */ = {isa = PBXFileReference; lastKnownFileType = text.plist.xml; path = Info.plist; sourceTree = "<group>"; };
		77A55FD62A82D419002C689F /* Singleton.swift */ = {isa = PBXFileReference; lastKnownFileType = sourcecode.swift; path = Singleton.swift; sourceTree = "<group>"; };
		77F52DC62A8AEEDF009A4E47 /* Modules.swift */ = {isa = PBXFileReference; lastKnownFileType = sourcecode.swift; path = Modules.swift; sourceTree = "<group>"; };
		77F52DC92A8AEF38009A4E47 /* FeedViewController.swift */ = {isa = PBXFileReference; lastKnownFileType = sourcecode.swift; path = FeedViewController.swift; sourceTree = "<group>"; };
		77F52DCB2A8B0059009A4E47 /* FeedLoader.swift */ = {isa = PBXFileReference; lastKnownFileType = sourcecode.swift; path = FeedLoader.swift; sourceTree = "<group>"; };
		77F52DCD2A8B009E009A4E47 /* FeedItem.swift */ = {isa = PBXFileReference; lastKnownFileType = sourcecode.swift; path = FeedItem.swift; sourceTree = "<group>"; };
/* End PBXFileReference section */

/* Begin PBXFrameworksBuildPhase section */
		77A55FBB2A82D3DE002C689F /* Frameworks */ = {
			isa = PBXFrameworksBuildPhase;
			buildActionMask = 2147483647;
			files = (
			);
			runOnlyForDeploymentPostprocessing = 0;
		};
/* End PBXFrameworksBuildPhase section */

/* Begin PBXGroup section */
		77A55FB52A82D3DE002C689F = {
			isa = PBXGroup;
			children = (
				77A55FC02A82D3DE002C689F /* essentials-redux */,
				77A55FBF2A82D3DE002C689F /* Products */,
			);
			sourceTree = "<group>";
		};
		77A55FBF2A82D3DE002C689F /* Products */ = {
			isa = PBXGroup;
			children = (
				77A55FBE2A82D3DE002C689F /* essentials-redux.app */,
			);
			name = Products;
			sourceTree = "<group>";
		};
		77A55FC02A82D3DE002C689F /* essentials-redux */ = {
			isa = PBXGroup;
			children = (
				77F52DC52A8AEEBA009A4E47 /* Modules */,
				77A55FD52A82D409002C689F /* Singletons */,
				77A55FC12A82D3DE002C689F /* AppDelegate.swift */,
				77A55FC32A82D3DE002C689F /* SceneDelegate.swift */,
				77A55FC52A82D3DE002C689F /* ViewController.swift */,
				77A55FC72A82D3DE002C689F /* Main.storyboard */,
				77A55FCA2A82D3E1002C689F /* Assets.xcassets */,
				77A55FCC2A82D3E1002C689F /* LaunchScreen.storyboard */,
				77A55FCF2A82D3E1002C689F /* Info.plist */,
			);
			path = "essentials-redux";
			sourceTree = "<group>";
		};
		77A55FD52A82D409002C689F /* Singletons */ = {
			isa = PBXGroup;
			children = (
				77A55FD62A82D419002C689F /* Singleton.swift */,
			);
			path = Singletons;
			sourceTree = "<group>";
		};
		77F52DC52A8AEEBA009A4E47 /* Modules */ = {
			isa = PBXGroup;
			children = (
				77F52DC82A8AEF10009A4E47 /* Feed */,
				77F52DC62A8AEEDF009A4E47 /* Modules.swift */,
			);
			path = Modules;
			sourceTree = "<group>";
		};
		77F52DC82A8AEF10009A4E47 /* Feed */ = {
			isa = PBXGroup;
			children = (
				77F52DC92A8AEF38009A4E47 /* FeedViewController.swift */,
				77F52DCB2A8B0059009A4E47 /* FeedLoader.swift */,
				77F52DCD2A8B009E009A4E47 /* FeedItem.swift */,
			);
			path = Feed;
			sourceTree = "<group>";
		};
/* End PBXGroup section */

/* Begin PBXNativeTarget section */
		77A55FBD2A82D3DE002C689F /* essentials-redux */ = {
			isa = PBXNativeTarget;
			buildConfigurationList = 77A55FD22A82D3E1002C689F /* Build configuration list for PBXNativeTarget "essentials-redux" */;
			buildPhases = (
				77A55FBA2A82D3DE002C689F /* Sources */,
				77A55FBB2A82D3DE002C689F /* Frameworks */,
				77A55FBC2A82D3DE002C689F /* Resources */,
			);
			buildRules = (
			);
			dependencies = (
			);
			name = "essentials-redux";
			productName = "essentials-redux";
			productReference = 77A55FBE2A82D3DE002C689F /* essentials-redux.app */;
			productType = "com.apple.product-type.application";
		};
/* End PBXNativeTarget section */

/* Begin PBXProject section */
		77A55FB62A82D3DE002C689F /* Project object */ = {
			isa = PBXProject;
			attributes = {
				BuildIndependentTargetsInParallel = 1;
				LastSwiftUpdateCheck = 1500;
				LastUpgradeCheck = 1500;
				TargetAttributes = {
					77A55FBD2A82D3DE002C689F = {
						CreatedOnToolsVersion = 15.0;
					};
				};
			};
			buildConfigurationList = 77A55FB92A82D3DE002C689F /* Build configuration list for PBXProject "essentials-redux" */;
			compatibilityVersion = "Xcode 14.0";
			developmentRegion = en;
			hasScannedForEncodings = 0;
			knownRegions = (
				en,
				Base,
			);
			mainGroup = 77A55FB52A82D3DE002C689F;
			productRefGroup = 77A55FBF2A82D3DE002C689F /* Products */;
			projectDirPath = "";
			projectRoot = "";
			targets = (
				77A55FBD2A82D3DE002C689F /* essentials-redux */,
			);
		};
/* End PBXProject section */

/* Begin PBXResourcesBuildPhase section */
		77A55FBC2A82D3DE002C689F /* Resources */ = {
			isa = PBXResourcesBuildPhase;
			buildActionMask = 2147483647;
			files = (
				77A55FCE2A82D3E1002C689F /* LaunchScreen.storyboard in Resources */,
				77A55FCB2A82D3E1002C689F /* Assets.xcassets in Resources */,
				77A55FC92A82D3DE002C689F /* Main.storyboard in Resources */,
			);
			runOnlyForDeploymentPostprocessing = 0;
		};
/* End PBXResourcesBuildPhase section */

/* Begin PBXSourcesBuildPhase section */
		77A55FBA2A82D3DE002C689F /* Sources */ = {
			isa = PBXSourcesBuildPhase;
			buildActionMask = 2147483647;
			files = (
				77F52DCC2A8B0059009A4E47 /* FeedLoader.swift in Sources */,
				77A55FC62A82D3DE002C689F /* ViewController.swift in Sources */,
				77F52DC72A8AEEDF009A4E47 /* Modules.swift in Sources */,
				77A55FD72A82D419002C689F /* Singleton.swift in Sources */,
				77F52DCE2A8B009E009A4E47 /* FeedItem.swift in Sources */,
				77A55FC22A82D3DE002C689F /* AppDelegate.swift in Sources */,
				77F52DCA2A8AEF38009A4E47 /* FeedViewController.swift in Sources */,
				77A55FC42A82D3DE002C689F /* SceneDelegate.swift in Sources */,
			);
			runOnlyForDeploymentPostprocessing = 0;
		};
/* End PBXSourcesBuildPhase section */

/* Begin PBXVariantGroup section */
		77A55FC72A82D3DE002C689F /* Main.storyboard */ = {
			isa = PBXVariantGroup;
			children = (
				77A55FC82A82D3DE002C689F /* Base */,
			);
			name = Main.storyboard;
			sourceTree = "<group>";
		};
		77A55FCC2A82D3E1002C689F /* LaunchScreen.storyboard */ = {
			isa = PBXVariantGroup;
			children = (
				77A55FCD2A82D3E1002C689F /* Base */,
			);
			name = LaunchScreen.storyboard;
			sourceTree = "<group>";
		};
/* End PBXVariantGroup section */

/* Begin XCBuildConfiguration section */
		77A55FD02A82D3E1002C689F /* Debug */ = {
			isa = XCBuildConfiguration;
			buildSettings = {
				ALWAYS_SEARCH_USER_PATHS = NO;
				ASSETCATALOG_COMPILER_GENERATE_SWIFT_ASSET_SYMBOL_EXTENSIONS = YES;
				CLANG_ANALYZER_NONNULL = YES;
				CLANG_ANALYZER_NUMBER_OBJECT_CONVERSION = YES_AGGRESSIVE;
				CLANG_CXX_LANGUAGE_STANDARD = "gnu++20";
				CLANG_ENABLE_MODULES = YES;
				CLANG_ENABLE_OBJC_ARC = YES;
				CLANG_ENABLE_OBJC_WEAK = YES;
				CLANG_WARN_BLOCK_CAPTURE_AUTORELEASING = YES;
				CLANG_WARN_BOOL_CONVERSION = YES;
				CLANG_WARN_COMMA = YES;
				CLANG_WARN_CONSTANT_CONVERSION = YES;
				CLANG_WARN_DEPRECATED_OBJC_IMPLEMENTATIONS = YES;
				CLANG_WARN_DIRECT_OBJC_ISA_USAGE = YES_ERROR;
				CLANG_WARN_DOCUMENTATION_COMMENTS = YES;
				CLANG_WARN_EMPTY_BODY = YES;
				CLANG_WARN_ENUM_CONVERSION = YES;
				CLANG_WARN_INFINITE_RECURSION = YES;
				CLANG_WARN_INT_CONVERSION = YES;
				CLANG_WARN_NON_LITERAL_NULL_CONVERSION = YES;
				CLANG_WARN_OBJC_IMPLICIT_RETAIN_SELF = YES;
				CLANG_WARN_OBJC_LITERAL_CONVERSION = YES;
				CLANG_WARN_OBJC_ROOT_CLASS = YES_ERROR;
				CLANG_WARN_QUOTED_INCLUDE_IN_FRAMEWORK_HEADER = YES;
				CLANG_WARN_RANGE_LOOP_ANALYSIS = YES;
				CLANG_WARN_STRICT_PROTOTYPES = YES;
				CLANG_WARN_SUSPICIOUS_MOVE = YES;
				CLANG_WARN_UNGUARDED_AVAILABILITY = YES_AGGRESSIVE;
				CLANG_WARN_UNREACHABLE_CODE = YES;
				CLANG_WARN__DUPLICATE_METHOD_MATCH = YES;
				COPY_PHASE_STRIP = NO;
				DEBUG_INFORMATION_FORMAT = dwarf;
				ENABLE_STRICT_OBJC_MSGSEND = YES;
				ENABLE_TESTABILITY = YES;
				ENABLE_USER_SCRIPT_SANDBOXING = YES;
				GCC_C_LANGUAGE_STANDARD = gnu17;
				GCC_DYNAMIC_NO_PIC = NO;
				GCC_NO_COMMON_BLOCKS = YES;
				GCC_OPTIMIZATION_LEVEL = 0;
				GCC_PREPROCESSOR_DEFINITIONS = (
					"DEBUG=1",
					"$(inherited)",
				);
				GCC_WARN_64_TO_32_BIT_CONVERSION = YES;
				GCC_WARN_ABOUT_RETURN_TYPE = YES_ERROR;
				GCC_WARN_UNDECLARED_SELECTOR = YES;
				GCC_WARN_UNINITIALIZED_AUTOS = YES_AGGRESSIVE;
				GCC_WARN_UNUSED_FUNCTION = YES;
				GCC_WARN_UNUSED_VARIABLE = YES;
				IPHONEOS_DEPLOYMENT_TARGET = 17.0;
				LOCALIZATION_PREFERS_STRING_CATALOGS = YES;
				MTL_ENABLE_DEBUG_INFO = INCLUDE_SOURCE;
				MTL_FAST_MATH = YES;
				ONLY_ACTIVE_ARCH = YES;
				SDKROOT = iphoneos;
				SWIFT_ACTIVE_COMPILATION_CONDITIONS = "DEBUG $(inherited)";
				SWIFT_OPTIMIZATION_LEVEL = "-Onone";
			};
			name = Debug;
		};
		77A55FD12A82D3E1002C689F /* Release */ = {
			isa = XCBuildConfiguration;
			buildSettings = {
				ALWAYS_SEARCH_USER_PATHS = NO;
				ASSETCATALOG_COMPILER_GENERATE_SWIFT_ASSET_SYMBOL_EXTENSIONS = YES;
				CLANG_ANALYZER_NONNULL = YES;
				CLANG_ANALYZER_NUMBER_OBJECT_CONVERSION = YES_AGGRESSIVE;
				CLANG_CXX_LANGUAGE_STANDARD = "gnu++20";
				CLANG_ENABLE_MODULES = YES;
				CLANG_ENABLE_OBJC_ARC = YES;
				CLANG_ENABLE_OBJC_WEAK = YES;
				CLANG_WARN_BLOCK_CAPTURE_AUTORELEASING = YES;
				CLANG_WARN_BOOL_CONVERSION = YES;
				CLANG_WARN_COMMA = YES;
				CLANG_WARN_CONSTANT_CONVERSION = YES;
				CLANG_WARN_DEPRECATED_OBJC_IMPLEMENTATIONS = YES;
				CLANG_WARN_DIRECT_OBJC_ISA_USAGE = YES_ERROR;
				CLANG_WARN_DOCUMENTATION_COMMENTS = YES;
				CLANG_WARN_EMPTY_BODY = YES;
				CLANG_WARN_ENUM_CONVERSION = YES;
				CLANG_WARN_INFINITE_RECURSION = YES;
				CLANG_WARN_INT_CONVERSION = YES;
				CLANG_WARN_NON_LITERAL_NULL_CONVERSION = YES;
				CLANG_WARN_OBJC_IMPLICIT_RETAIN_SELF = YES;
				CLANG_WARN_OBJC_LITERAL_CONVERSION = YES;
				CLANG_WARN_OBJC_ROOT_CLASS = YES_ERROR;
				CLANG_WARN_QUOTED_INCLUDE_IN_FRAMEWORK_HEADER = YES;
				CLANG_WARN_RANGE_LOOP_ANALYSIS = YES;
				CLANG_WARN_STRICT_PROTOTYPES = YES;
				CLANG_WARN_SUSPICIOUS_MOVE = YES;
				CLANG_WARN_UNGUARDED_AVAILABILITY = YES_AGGRESSIVE;
				CLANG_WARN_UNREACHABLE_CODE = YES;
				CLANG_WARN__DUPLICATE_METHOD_MATCH = YES;
				COPY_PHASE_STRIP = NO;
				DEBUG_INFORMATION_FORMAT = "dwarf-with-dsym";
				ENABLE_NS_ASSERTIONS = NO;
				ENABLE_STRICT_OBJC_MSGSEND = YES;
				ENABLE_USER_SCRIPT_SANDBOXING = YES;
				GCC_C_LANGUAGE_STANDARD = gnu17;
				GCC_NO_COMMON_BLOCKS = YES;
				GCC_WARN_64_TO_32_BIT_CONVERSION = YES;
				GCC_WARN_ABOUT_RETURN_TYPE = YES_ERROR;
				GCC_WARN_UNDECLARED_SELECTOR = YES;
				GCC_WARN_UNINITIALIZED_AUTOS = YES_AGGRESSIVE;
				GCC_WARN_UNUSED_FUNCTION = YES;
				GCC_WARN_UNUSED_VARIABLE = YES;
				IPHONEOS_DEPLOYMENT_TARGET = 17.0;
				LOCALIZATION_PREFERS_STRING_CATALOGS = YES;
				MTL_ENABLE_DEBUG_INFO = NO;
				MTL_FAST_MATH = YES;
				SDKROOT = iphoneos;
				SWIFT_COMPILATION_MODE = wholemodule;
				VALIDATE_PRODUCT = YES;
			};
			name = Release;
		};
		77A55FD32A82D3E1002C689F /* Debug */ = {
			isa = XCBuildConfiguration;
			buildSettings = {
				ASSETCATALOG_COMPILER_APPICON_NAME = AppIcon;
				ASSETCATALOG_COMPILER_GLOBAL_ACCENT_COLOR_NAME = AccentColor;
				CODE_SIGN_STYLE = Automatic;
				CURRENT_PROJECT_VERSION = 1;
				DEVELOPMENT_TEAM = HDMN82H87M;
				GENERATE_INFOPLIST_FILE = YES;
				INFOPLIST_FILE = "essentials-redux/Info.plist";
				INFOPLIST_KEY_UIApplicationSupportsIndirectInputEvents = YES;
				INFOPLIST_KEY_UILaunchStoryboardName = LaunchScreen;
				INFOPLIST_KEY_UIMainStoryboardFile = Main;
				INFOPLIST_KEY_UISupportedInterfaceOrientations_iPad = "UIInterfaceOrientationPortrait UIInterfaceOrientationPortraitUpsideDown UIInterfaceOrientationLandscapeLeft UIInterfaceOrientationLandscapeRight";
				INFOPLIST_KEY_UISupportedInterfaceOrientations_iPhone = "UIInterfaceOrientationPortrait UIInterfaceOrientationLandscapeLeft UIInterfaceOrientationLandscapeRight";
				LD_RUNPATH_SEARCH_PATHS = (
					"$(inherited)",
					"@executable_path/Frameworks",
				);
				MARKETING_VERSION = 1.0;
				PRODUCT_BUNDLE_IDENTIFIER = "com.shinglehang-software.essentials-redux";
				PRODUCT_NAME = "$(TARGET_NAME)";
				SWIFT_EMIT_LOC_STRINGS = YES;
				SWIFT_VERSION = 5.0;
				TARGETED_DEVICE_FAMILY = "1,2";
			};
			name = Debug;
		};
		77A55FD42A82D3E1002C689F /* Release */ = {
			isa = XCBuildConfiguration;
			buildSettings = {
				ASSETCATALOG_COMPILER_APPICON_NAME = AppIcon;
				ASSETCATALOG_COMPILER_GLOBAL_ACCENT_COLOR_NAME = AccentColor;
				CODE_SIGN_STYLE = Automatic;
				CURRENT_PROJECT_VERSION = 1;
				DEVELOPMENT_TEAM = HDMN82H87M;
				GENERATE_INFOPLIST_FILE = YES;
				INFOPLIST_FILE = "essentials-redux/Info.plist";
				INFOPLIST_KEY_UIApplicationSupportsIndirectInputEvents = YES;
				INFOPLIST_KEY_UILaunchStoryboardName = LaunchScreen;
				INFOPLIST_KEY_UIMainStoryboardFile = Main;
				INFOPLIST_KEY_UISupportedInterfaceOrientations_iPad = "UIInterfaceOrientationPortrait UIInterfaceOrientationPortraitUpsideDown UIInterfaceOrientationLandscapeLeft UIInterfaceOrientationLandscapeRight";
				INFOPLIST_KEY_UISupportedInterfaceOrientations_iPhone = "UIInterfaceOrientationPortrait UIInterfaceOrientationLandscapeLeft UIInterfaceOrientationLandscapeRight";
				LD_RUNPATH_SEARCH_PATHS = (
					"$(inherited)",
					"@executable_path/Frameworks",
				);
				MARKETING_VERSION = 1.0;
				PRODUCT_BUNDLE_IDENTIFIER = "com.shinglehang-software.essentials-redux";
				PRODUCT_NAME = "$(TARGET_NAME)";
				SWIFT_EMIT_LOC_STRINGS = YES;
				SWIFT_VERSION = 5.0;
				TARGETED_DEVICE_FAMILY = "1,2";
			};
			name = Release;
		};
/* End XCBuildConfiguration section */

/* Begin XCConfigurationList section */
		77A55FB92A82D3DE002C689F /* Build configuration list for PBXProject "essentials-redux" */ = {
			isa = XCConfigurationList;
			buildConfigurations = (
				77A55FD02A82D3E1002C689F /* Debug */,
				77A55FD12A82D3E1002C689F /* Release */,
			);
			defaultConfigurationIsVisible = 0;
			defaultConfigurationName = Release;
		};
		77A55FD22A82D3E1002C689F /* Build configuration list for PBXNativeTarget "essentials-redux" */ = {
			isa = XCConfigurationList;
			buildConfigurations = (
				77A55FD32A82D3E1002C689F /* Debug */,
				77A55FD42A82D3E1002C689F /* Release */,
			);
			defaultConfigurationIsVisible = 0;
			defaultConfigurationName = Release;
		};
/* End XCConfigurationList section */
	};
	rootObject = 77A55FB62A82D3DE002C689F /* Project object */;
}
